
Microsoft Visual Studio Solution File, Format Version 12.00
# Visual Studio Version 17
VisualStudioVersion = 17.14.36518.9 d17.14
MinimumVisualStudioVersion = 10.0.40219.1
Project("{FAE04EC0-301F-11D3-BF4B-00C04F79EFBC}") = "Aula05", "Aula05\Aula05.csproj", "{F67C0B47-179A-4859-8973-FE6BB42CC6D8}"
EndProject
Global
	GlobalSection(SolutionConfigurationPlatforms) = preSolution
		Debug|Any CPU = Debug|Any CPU
		Release|Any CPU = Release|Any CPU
	EndGlobalSection
	GlobalSection(ProjectConfigurationPlatforms) = postSolution
		{F67C0B47-179A-4859-8973-FE6BB42CC6D8}.Debug|Any CPU.ActiveCfg = Debug|Any CPU
		{F67C0B47-179A-4859-8973-FE6BB42CC6D8}.Debug|Any CPU.Build.0 = Debug|Any CPU
		{F67C0B47-179A-4859-8973-FE6BB42CC6D8}.Release|Any CPU.ActiveCfg = Release|Any CPU
		{F67C0B47-179A-4859-8973-FE6BB42CC6D8}.Release|Any CPU.Build.0 = Release|Any CPU
	EndGlobalSection
	GlobalSection(SolutionProperties) = preSolution
		HideSolutionNode = FALSE
	EndGlobalSection
	GlobalSection(ExtensibilityGlobals) = postSolution
		SolutionGuid = {D176304D-640F-4497-A6A2-52127FCB371C}
	EndGlobalSection
EndGlobal
