
Microsoft Visual Studio Solution File, Format Version 12.00
# Visual Studio Version 17
VisualStudioVersion = 17.14.36518.9 d17.14
MinimumVisualStudioVersion = 10.0.40219.1
Project("{FAE04EC0-301F-11D3-BF4B-00C04F79EFBC}") = "Aula06", "Aula06\Aula06.csproj", "{1BCC0218-45F6-403B-B08C-EF9F1B877C21}"
EndProject
Global
	GlobalSection(SolutionConfigurationPlatforms) = preSolution
		Debug|Any CPU = Debug|Any CPU
		Release|Any CPU = Release|Any CPU
	EndGlobalSection
	GlobalSection(ProjectConfigurationPlatforms) = postSolution
		{1BCC0218-45F6-403B-B08C-EF9F1B877C21}.Debug|Any CPU.ActiveCfg = Debug|Any CPU
		{1BCC0218-45F6-403B-B08C-EF9F1B877C21}.Debug|Any CPU.Build.0 = Debug|Any CPU
		{1BCC0218-45F6-403B-B08C-EF9F1B877C21}.Release|Any CPU.ActiveCfg = Release|Any CPU
		{1BCC0218-45F6-403B-B08C-EF9F1B877C21}.Release|Any CPU.Build.0 = Release|Any CPU
	EndGlobalSection
	GlobalSection(SolutionProperties) = preSolution
		HideSolutionNode = FALSE
	EndGlobalSection
	GlobalSection(ExtensibilityGlobals) = postSolution
		SolutionGuid = {0E1601D2-E172-42F0-8CD3-6D1CAD3C0054}
	EndGlobalSection
EndGlobal
