
Microsoft Visual Studio Solution File, Format Version 12.00
# Visual Studio Version 17
VisualStudioVersion = 17.14.36518.9 d17.14
MinimumVisualStudioVersion = 10.0.40219.1
Project("{FAE04EC0-301F-11D3-BF4B-00C04F79EFBC}") = "Aula02", "Aula02\Aula02.csproj", "{1C963D48-FC21-485E-A83D-3D878173C9A1}"
EndProject
Global
	GlobalSection(SolutionConfigurationPlatforms) = preSolution
		Debug|Any CPU = Debug|Any CPU
		Release|Any CPU = Release|Any CPU
	EndGlobalSection
	GlobalSection(ProjectConfigurationPlatforms) = postSolution
		{1C963D48-FC21-485E-A83D-3D878173C9A1}.Debug|Any CPU.ActiveCfg = Debug|Any CPU
		{1C963D48-FC21-485E-A83D-3D878173C9A1}.Debug|Any CPU.Build.0 = Debug|Any CPU
		{1C963D48-FC21-485E-A83D-3D878173C9A1}.Release|Any CPU.ActiveCfg = Release|Any CPU
		{1C963D48-FC21-485E-A83D-3D878173C9A1}.Release|Any CPU.Build.0 = Release|Any CPU
	EndGlobalSection
	GlobalSection(SolutionProperties) = preSolution
		HideSolutionNode = FALSE
	EndGlobalSection
	GlobalSection(ExtensibilityGlobals) = postSolution
		SolutionGuid = {D2F3FC9B-BECB-45A1-920C-DFF8F0D39189}
	EndGlobalSection
EndGlobal
