
Microsoft Visual Studio Solution File, Format Version 12.00
# Visual Studio Version 17
VisualStudioVersion = 17.14.36518.9 d17.14
MinimumVisualStudioVersion = 10.0.40219.1
Project("{FAE04EC0-301F-11D3-BF4B-00C04F79EFBC}") = "Aula16", "Aula16\Aula16.csproj", "{2AC6307C-FF54-4F85-9AFB-824E907F7D22}"
EndProject
Global
	GlobalSection(SolutionConfigurationPlatforms) = preSolution
		Debug|Any CPU = Debug|Any CPU
		Release|Any CPU = Release|Any CPU
	EndGlobalSection
	GlobalSection(ProjectConfigurationPlatforms) = postSolution
		{2AC6307C-FF54-4F85-9AFB-824E907F7D22}.Debug|Any CPU.ActiveCfg = Debug|Any CPU
		{2AC6307C-FF54-4F85-9AFB-824E907F7D22}.Debug|Any CPU.Build.0 = Debug|Any CPU
		{2AC6307C-FF54-4F85-9AFB-824E907F7D22}.Release|Any CPU.ActiveCfg = Release|Any CPU
		{2AC6307C-FF54-4F85-9AFB-824E907F7D22}.Release|Any CPU.Build.0 = Release|Any CPU
	EndGlobalSection
	GlobalSection(SolutionProperties) = preSolution
		HideSolutionNode = FALSE
	EndGlobalSection
	GlobalSection(ExtensibilityGlobals) = postSolution
		SolutionGuid = {819F13F6-45CB-40DD-A8A4-C5268B784D25}
	EndGlobalSection
EndGlobal
