
Microsoft Visual Studio Solution File, Format Version 12.00
# Visual Studio Version 17
VisualStudioVersion = 17.14.36518.9 d17.14
MinimumVisualStudioVersion = 10.0.40219.1
Project("{FAE04EC0-301F-11D3-BF4B-00C04F79EFBC}") = "Aula09", "Aula09\Aula09.csproj", "{B21766F3-B3D7-4668-87F7-2B3C4A75F39B}"
EndProject
Global
	GlobalSection(SolutionConfigurationPlatforms) = preSolution
		Debug|Any CPU = Debug|Any CPU
		Release|Any CPU = Release|Any CPU
	EndGlobalSection
	GlobalSection(ProjectConfigurationPlatforms) = postSolution
		{B21766F3-B3D7-4668-87F7-2B3C4A75F39B}.Debug|Any CPU.ActiveCfg = Debug|Any CPU
		{B21766F3-B3D7-4668-87F7-2B3C4A75F39B}.Debug|Any CPU.Build.0 = Debug|Any CPU
		{B21766F3-B3D7-4668-87F7-2B3C4A75F39B}.Release|Any CPU.ActiveCfg = Release|Any CPU
		{B21766F3-B3D7-4668-87F7-2B3C4A75F39B}.Release|Any CPU.Build.0 = Release|Any CPU
	EndGlobalSection
	GlobalSection(SolutionProperties) = preSolution
		HideSolutionNode = FALSE
	EndGlobalSection
	GlobalSection(ExtensibilityGlobals) = postSolution
		SolutionGuid = {122FCF72-F7EB-4510-9873-4BAD6CD0FDC2}
	EndGlobalSection
EndGlobal
